<?xml version="1.0" encoding="utf-8"?>
<Project ToolsVersion="4.0" xmlns="http://schemas.microsoft.com/developer/msbuild/2003">
  <ItemGroup>
    <Filter Include="源文件">
      <UniqueIdentifier>{4FC737F1-C7A5-4376-A066-2A32D752A2FF}</UniqueIdentifier>
      <Extensions>cpp;c;cc;cxx;def;odl;idl;hpj;bat;asm;asmx</Extensions>
    </Filter>
    <Filter Include="头文件">
      <UniqueIdentifier>{93995380-89BD-4b04-88EB-625FBE52EBFB}</UniqueIdentifier>
      <Extensions>h;hh;hpp;hxx;hm;inl;inc;xsd</Extensions>
    </Filter>
    <Filter Include="资源文件">
      <UniqueIdentifier>{67DA6AB6-F800-4c08-8B7A-83BB121AAD01}</UniqueIdentifier>
      <Extensions>rc;ico;cur;bmp;dlg;rc2;rct;bin;rgs;gif;jpg;jpeg;jpe;resx;tiff;tif;png;wav;mfcribbon-ms</Extensions>
    </Filter>
  </ItemGroup>
  <ItemGroup>
    <ClInclude Include="include\absyn.h">
      <Filter>头文件</Filter>
    </ClInclude>
    <ClInclude Include="include\assem.h">
      <Filter>头文件</Filter>
    </ClInclude>
    <ClInclude Include="include\canon.h">
      <Filter>头文件</Filter>
    </ClInclude>
    <ClInclude Include="include\color.h">
      <Filter>头文件</Filter>
    </ClInclude>
    <ClInclude Include="include\errormsg.h">
      <Filter>头文件</Filter>
    </ClInclude>
    <ClInclude Include="include\flowgraph.h">
      <Filter>头文件</Filter>
    </ClInclude>
    <ClInclude Include="include\graph.h">
      <Filter>头文件</Filter>
    </ClInclude>
    <ClInclude Include="include\parse.h">
      <Filter>头文件</Filter>
    </ClInclude>
    <ClInclude Include="include\prabsyn.h">
      <Filter>头文件</Filter>
    </ClInclude>
    <ClInclude Include="include\printtree.h">
      <Filter>头文件</Filter>
    </ClInclude>
    <ClInclude Include="include\regalloc.h">
      <Filter>头文件</Filter>
    </ClInclude>
    <ClInclude Include="include\symbol.h">
      <Filter>头文件</Filter>
    </ClInclude>
    <ClInclude Include="include\table.h">
      <Filter>头文件</Filter>
    </ClInclude>
    <ClInclude Include="include\temp.h">
      <Filter>头文件</Filter>
    </ClInclude>
    <ClInclude Include="include\tokens.h">
      <Filter>头文件</Filter>
    </ClInclude>
    <ClInclude Include="include\tree.h">
      <Filter>头文件</Filter>
    </ClInclude>
    <ClInclude Include="include\types.h">
      <Filter>头文件</Filter>
    </ClInclude>
    <ClInclude Include="include\util.h">
      <Filter>头文件</Filter>
    </ClInclude>
    <ClInclude Include="include\frame.h">
      <Filter>头文件</Filter>
    </ClInclude>
    <ClInclude Include="include\escape.h">
      <Filter>头文件</Filter>
    </ClInclude>
    <ClInclude Include="include\translate.h">
      <Filter>头文件</Filter>
    </ClInclude>
    <ClInclude Include="include\semant.h">
      <Filter>头文件</Filter>
    </ClInclude>
    <ClInclude Include="include\allheader.h">
      <Filter>头文件</Filter>
    </ClInclude>
    <ClInclude Include="include\env.h">
      <Filter>头文件</Filter>
    </ClInclude>
  </ItemGroup>
  <ItemGroup>
    <ClCompile Include="absyn.c">
      <Filter>源文件</Filter>
    </ClCompile>
    <ClCompile Include="assem.c">
      <Filter>源文件</Filter>
    </ClCompile>
    <ClCompile Include="canon.c">
      <Filter>源文件</Filter>
    </ClCompile>
    <ClCompile Include="errormsg.c">
      <Filter>源文件</Filter>
    </ClCompile>
    <ClCompile Include="graph.c">
      <Filter>源文件</Filter>
    </ClCompile>
    <ClCompile Include="lex.yy.c">
      <Filter>源文件</Filter>
    </ClCompile>
    <ClCompile Include="main.c">
      <Filter>源文件</Filter>
    </ClCompile>
    <ClCompile Include="parse.c">
      <Filter>源文件</Filter>
    </ClCompile>
    <ClCompile Include="parsetest.c">
      <Filter>源文件</Filter>
    </ClCompile>
    <ClCompile Include="prabsyn.c">
      <Filter>源文件</Filter>
    </ClCompile>
    <ClCompile Include="printtree.c">
      <Filter>源文件</Filter>
    </ClCompile>
    <ClCompile Include="runtime.c">
      <Filter>源文件</Filter>
    </ClCompile>
    <ClCompile Include="symbol.c">
      <Filter>源文件</Filter>
    </ClCompile>
    <ClCompile Include="table.c">
      <Filter>源文件</Filter>
    </ClCompile>
    <ClCompile Include="temp.c">
      <Filter>源文件</Filter>
    </ClCompile>
    <ClCompile Include="tree.c">
      <Filter>源文件</Filter>
    </ClCompile>
    <ClCompile Include="types.c">
      <Filter>源文件</Filter>
    </ClCompile>
    <ClCompile Include="util.c">
      <Filter>源文件</Filter>
    </ClCompile>
    <ClCompile Include="mipsframe.c">
      <Filter>源文件</Filter>
    </ClCompile>
    <ClCompile Include="translate.c">
      <Filter>源文件</Filter>
    </ClCompile>
    <ClCompile Include="escape.c">
      <Filter>源文件</Filter>
    </ClCompile>
    <ClCompile Include="semant.c">
      <Filter>源文件</Filter>
    </ClCompile>
    <ClCompile Include="env.c">
      <Filter>源文件</Filter>
    </ClCompile>
  </ItemGroup>
  <ItemGroup>
    <None Include="tiger.l">
      <Filter>源文件</Filter>
    </None>
    <None Include="tiger.y">
      <Filter>源文件</Filter>
    </None>
  </ItemGroup>
</Project>